
Microsoft Visual Studio Solution File, Format Version 12.00
# Visual Studio Version 17
VisualStudioVersion = 17.8.34330.188
MinimumVisualStudioVersion = 10.0.40219.1
Project("{9A19103F-16F7-4668-BE54-9A1E7A4F7556}") = "CoffeeShop.Api", "CoffeeShop.Api\CoffeeShop.Api.csproj", "{78A1E34F-2BC4-4312-A04B-B56EFC116512}"
EndProject
Project("{9A19103F-16F7-4668-BE54-9A1E7A4F7556}") = "CoffeeShop.Domain", "CoffeeShop.Domain\CoffeeShop.Domain.csproj", "{216751A7-BA1A-49A0-B1C2-2EC3666A61C2}"
EndProject
Project("{9A19103F-16F7-4668-BE54-9A1E7A4F7556}") = "CoffeeShop.Application", "CoffeeShop.Application\CoffeeShop.Application.csproj", "{D0929C47-3432-430F-9FFB-1B822E3590F2}"
EndProject
Project("{9A19103F-16F7-4668-BE54-9A1E7A4F7556}") = "CoffeeShop.Infrastucture", "CoffeeShop.Infrastucture\CoffeeShop.Infrastucture.csproj", "{25D4C07F-6BB5-4AF7-8E63-65CF3E8F4470}"
EndProject
Project("{FAE04EC0-301F-11D3-BF4B-00C04F79EFBC}") = "CoffeeShop.BddSpec", "CoffeeShop.BddSpec\CoffeeShop.BddSpec.csproj", "{95389576-CC9E-4270-A8CB-00EEFE404B80}"
EndProject
Global
	GlobalSection(SolutionConfigurationPlatforms) = preSolution
		Debug|Any CPU = Debug|Any CPU
		Release|Any CPU = Release|Any CPU
	EndGlobalSection
	GlobalSection(ProjectConfigurationPlatforms) = postSolution
		{78A1E34F-2BC4-4312-A04B-B56EFC116512}.Debug|Any CPU.ActiveCfg = Debug|Any CPU
		{78A1E34F-2BC4-4312-A04B-B56EFC116512}.Debug|Any CPU.Build.0 = Debug|Any CPU
		{78A1E34F-2BC4-4312-A04B-B56EFC116512}.Release|Any CPU.ActiveCfg = Release|Any CPU
		{78A1E34F-2BC4-4312-A04B-B56EFC116512}.Release|Any CPU.Build.0 = Release|Any CPU
		{216751A7-BA1A-49A0-B1C2-2EC3666A61C2}.Debug|Any CPU.ActiveCfg = Debug|Any CPU
		{216751A7-BA1A-49A0-B1C2-2EC3666A61C2}.Debug|Any CPU.Build.0 = Debug|Any CPU
		{216751A7-BA1A-49A0-B1C2-2EC3666A61C2}.Release|Any CPU.ActiveCfg = Release|Any CPU
		{216751A7-BA1A-49A0-B1C2-2EC3666A61C2}.Release|Any CPU.Build.0 = Release|Any CPU
		{D0929C47-3432-430F-9FFB-1B822E3590F2}.Debug|Any CPU.ActiveCfg = Debug|Any CPU
		{D0929C47-3432-430F-9FFB-1B822E3590F2}.Debug|Any CPU.Build.0 = Debug|Any CPU
		{D0929C47-3432-430F-9FFB-1B822E3590F2}.Release|Any CPU.ActiveCfg = Release|Any CPU
		{D0929C47-3432-430F-9FFB-1B822E3590F2}.Release|Any CPU.Build.0 = Release|Any CPU
		{25D4C07F-6BB5-4AF7-8E63-65CF3E8F4470}.Debug|Any CPU.ActiveCfg = Debug|Any CPU
		{25D4C07F-6BB5-4AF7-8E63-65CF3E8F4470}.Debug|Any CPU.Build.0 = Debug|Any CPU
		{25D4C07F-6BB5-4AF7-8E63-65CF3E8F4470}.Release|Any CPU.ActiveCfg = Release|Any CPU
		{25D4C07F-6BB5-4AF7-8E63-65CF3E8F4470}.Release|Any CPU.Build.0 = Release|Any CPU
		{95389576-CC9E-4270-A8CB-00EEFE404B80}.Debug|Any CPU.ActiveCfg = Debug|Any CPU
		{95389576-CC9E-4270-A8CB-00EEFE404B80}.Debug|Any CPU.Build.0 = Debug|Any CPU
		{95389576-CC9E-4270-A8CB-00EEFE404B80}.Release|Any CPU.ActiveCfg = Release|Any CPU
		{95389576-CC9E-4270-A8CB-00EEFE404B80}.Release|Any CPU.Build.0 = Release|Any CPU
	EndGlobalSection
	GlobalSection(SolutionProperties) = preSolution
		HideSolutionNode = FALSE
	EndGlobalSection
	GlobalSection(ExtensibilityGlobals) = postSolution
		SolutionGuid = {D94184DB-4CE7-4B55-8C24-57D4762FA404}
	EndGlobalSection
EndGlobal
